
Microsoft Visual Studio Solution File, Format Version 12.00
# Visual Studio Version 17
VisualStudioVersion = 17.13.35825.156 d17.13
MinimumVisualStudioVersion = 10.0.40219.1
Project("{FAE04EC0-301F-11D3-BF4B-00C04F79EFBC}") = "OrderManagement.Web", "OrderManagement.Web.csproj", "{373EA45E-08DF-4143-9771-B960CB0F5501}"
EndProject
Global
	GlobalSection(SolutionConfigurationPlatforms) = preSolution
		Debug|Any CPU = Debug|Any CPU
		Release|Any CPU = Release|Any CPU
	EndGlobalSection
	GlobalSection(ProjectConfigurationPlatforms) = postSolution
		{373EA45E-08DF-4143-9771-B960CB0F5501}.Debug|Any CPU.ActiveCfg = Debug|Any CPU
		{373EA45E-08DF-4143-9771-B960CB0F5501}.Debug|Any CPU.Build.0 = Debug|Any CPU
		{373EA45E-08DF-4143-9771-B960CB0F5501}.Release|Any CPU.ActiveCfg = Release|Any CPU
		{373EA45E-08DF-4143-9771-B960CB0F5501}.Release|Any CPU.Build.0 = Release|Any CPU
	EndGlobalSection
	GlobalSection(SolutionProperties) = preSolution
		HideSolutionNode = FALSE
	EndGlobalSection
	GlobalSection(ExtensibilityGlobals) = postSolution
		SolutionGuid = {320254B5-D889-4CF8-9CFE-7886582B1D02}
	EndGlobalSection
EndGlobal
